# This file is automatically @generated by Cargo.
# It is not intended for manual editing.
version = 3

[[package]]
name = "advent_of_code"
version = "0.1.0"
dependencies = [
 "prefix_sum",
]

[[package]]
name = "prefix_sum"
version = "0.1.0"
source = "registry+https://github.com/rust-lang/crates.io-index"
checksum = "34392a6b4ea1219ed2119de4d6d7e693a1c431ffdfe0adb2db437f1092d1ada6"
